
Microsoft Visual Studio Solution File, Format Version 12.00
# Visual Studio Version 17
VisualStudioVersion = 17.10.35027.167
MinimumVisualStudioVersion = 10.0.40219.1
Project("{9A19103F-16F7-4668-BE54-9A1E7A4F7556}") = "Skola", "Skola\Skola.csproj", "{D17A2F81-8057-4428-A933-F6C4B546198F}"
EndProject
Project("{FAE04EC0-301F-11D3-BF4B-00C04F79EFBC}") = "Tests", "Test\Tests.csproj", "{02003E21-75E8-4FBC-88B0-A08BB79175B0}"
EndProject
Global
	GlobalSection(SolutionConfigurationPlatforms) = preSolution
		Debug|Any CPU = Debug|Any CPU
		Release|Any CPU = Release|Any CPU
	EndGlobalSection
	GlobalSection(ProjectConfigurationPlatforms) = postSolution
		{D17A2F81-8057-4428-A933-F6C4B546198F}.Debug|Any CPU.ActiveCfg = Debug|Any CPU
		{D17A2F81-8057-4428-A933-F6C4B546198F}.Debug|Any CPU.Build.0 = Debug|Any CPU
		{D17A2F81-8057-4428-A933-F6C4B546198F}.Release|Any CPU.ActiveCfg = Release|Any CPU
		{D17A2F81-8057-4428-A933-F6C4B546198F}.Release|Any CPU.Build.0 = Release|Any CPU
		{02003E21-75E8-4FBC-88B0-A08BB79175B0}.Debug|Any CPU.ActiveCfg = Debug|Any CPU
		{02003E21-75E8-4FBC-88B0-A08BB79175B0}.Debug|Any CPU.Build.0 = Debug|Any CPU
		{02003E21-75E8-4FBC-88B0-A08BB79175B0}.Release|Any CPU.ActiveCfg = Release|Any CPU
		{02003E21-75E8-4FBC-88B0-A08BB79175B0}.Release|Any CPU.Build.0 = Release|Any CPU
	EndGlobalSection
	GlobalSection(SolutionProperties) = preSolution
		HideSolutionNode = FALSE
	EndGlobalSection
	GlobalSection(ExtensibilityGlobals) = postSolution
		SolutionGuid = {ABB69E31-406A-496C-A5D6-34195FDE357A}
	EndGlobalSection
EndGlobal
